# This file is autogenerated, do not edit; changes may be undone by the next 'dep ensure'.


[[projects]]
  name = "github.com/BurntSushi/toml"
  packages = ["."]
  revision = "b26d9c308763d68093482582cea63d69be07a0f0"
  version = "v0.3.0"

[[projects]]
  name = "github.com/DATA-DOG/godog"
  packages = [
    ".",
    "colors",
    "gherkin"
  ]
  revision = "4dc98b0e2b130c3c9d06868a050320e5b310d3e7"
  version = "v0.7.4"

[[projects]]
  name = "github.com/aws/aws-lambda-go"
  packages = [
    "events",
    "lambda",
    "lambda/messages",
    "lambdacontext"
  ]
  revision = "6e2e37798efbb1dfd8e9c6681702e683a6046517"
  version = "v1.0.1"

[[projects]]
  name = "github.com/go-sql-driver/mysql"
  packages = ["."]
  revision = "a0583e0143b1624142adab07e0e97fe106d99561"
  version = "v1.3"

[solve-meta]
  analyzer-name = "dep"
  analyzer-version = 1
  inputs-digest = "8dd37261c3a0973b9a91f7d25bd9a3bbb9e592df790e8f41239150ee1fb4600a"
  solver-name = "gps-cdcl"
  solver-version = 1
